
Microsoft Visual Studio Solution File, Format Version 12.00
# Visual Studio Version 17
VisualStudioVersion = 17.12.35506.116 d17.12
MinimumVisualStudioVersion = 10.0.40219.1
Project("{8BC9CEB8-8B4A-11D0-8D11-00A0C91BC942}") = "libFusionDriver", "libFusionDriver\libFusionDriver.vcxproj", "{EED0F997-7497-497A-A1FE-63CCB5E1FE4D}"
EndProject
Global
	GlobalSection(SolutionConfigurationPlatforms) = preSolution
		Debug|ORBIS = Debug|ORBIS
		Release|ORBIS = Release|ORBIS
	EndGlobalSection
	GlobalSection(ProjectConfigurationPlatforms) = postSolution
		{EED0F997-7497-497A-A1FE-63CCB5E1FE4D}.Debug|ORBIS.ActiveCfg = Debug|ORBIS
		{EED0F997-7497-497A-A1FE-63CCB5E1FE4D}.Debug|ORBIS.Build.0 = Debug|ORBIS
		{EED0F997-7497-497A-A1FE-63CCB5E1FE4D}.Release|ORBIS.ActiveCfg = Release|ORBIS
		{EED0F997-7497-497A-A1FE-63CCB5E1FE4D}.Release|ORBIS.Build.0 = Release|ORBIS
	EndGlobalSection
	GlobalSection(SolutionProperties) = preSolution
		HideSolutionNode = FALSE
	EndGlobalSection
EndGlobal
