<?xml version="1.0" encoding="utf-8"?>
<Project ToolsVersion="4.0" xmlns="http://schemas.microsoft.com/developer/msbuild/2003">
  <ItemGroup>
    <Filter Include="Source Files">
      <UniqueIdentifier>{4FC737F1-C7A5-4376-A066-2A32D752A2FF}</UniqueIdentifier>
      <Extensions>cpp;c;cxx;cc;s;asm</Extensions>
    </Filter>
    <Filter Include="Header Files">
      <UniqueIdentifier>{93995380-89BD-4b04-88EB-625FBE52EBFB}</UniqueIdentifier>
      <Extensions>h;hpp;pssli</Extensions>
    </Filter>
    <Filter Include="Source Files\ShellCode">
      <UniqueIdentifier>{cbf6d6aa-ac55-4584-b75c-34301df5556c}</UniqueIdentifier>
    </Filter>
    <Filter Include="Header Files\ShellCode">
      <UniqueIdentifier>{a0aed8d5-81b9-4681-b2d4-f4bbb3162240}</UniqueIdentifier>
    </Filter>
  </ItemGroup>
  <ItemGroup>
    <ClInclude Include="stdafx.h">
      <Filter>Header Files</Filter>
    </ClInclude>
    <ClInclude Include="FusionDriver.h">
      <Filter>Header Files</Filter>
    </ClInclude>
    <ClInclude Include="FusionUtils.h">
      <Filter>Header Files</Filter>
    </ClInclude>
    <ClInclude Include="ShellCode.h">
      <Filter>Header Files\ShellCode</Filter>
    </ClInclude>
    <ClInclude Include="Embed.h">
      <Filter>Header Files\ShellCode</Filter>
    </ClInclude>
    <ClInclude Include="RemoteCaller.h">
      <Filter>Header Files\ShellCode</Filter>
    </ClInclude>
  </ItemGroup>
  <ItemGroup>
    <ClCompile Include="stdafx.cpp">
      <Filter>Source Files</Filter>
    </ClCompile>
    <ClCompile Include="FusionDriver.cpp">
      <Filter>Source Files</Filter>
    </ClCompile>
    <ClCompile Include="FusionUtils.cpp">
      <Filter>Source Files</Filter>
    </ClCompile>
    <ClCompile Include="ShellCode.cpp">
      <Filter>Source Files\ShellCode</Filter>
    </ClCompile>
    <ClCompile Include="RemoteCaller.cpp">
      <Filter>Source Files\ShellCode</Filter>
    </ClCompile>
  </ItemGroup>
</Project>